
Microsoft Visual Studio Solution File, Format Version 12.00
# Visual Studio Version 17
VisualStudioVersion = 17.3.32901.215
MinimumVisualStudioVersion = 10.0.40219.1
Project("{8BC9CEB8-8B4A-11D0-8D11-00A0C91BC942}") = "libFLAC", "flac\build-win32\src\libFLAC\FLAC.vcxproj", "{F41F7543-03B4-3022-8B7F-B7ED8275CFCE}"
	ProjectSection(ProjectDependencies) = postProject
		{30A36E19-76B7-3E6E-9CEF-E1FD087CB557} = {30A36E19-76B7-3E6E-9CEF-E1FD087CB557}
	EndProjectSection
EndProject
Project("{8BC9CEB8-8B4A-11D0-8D11-00A0C91BC942}") = "utf8", "flac\build-win32\src\share\utf8\utf8.vcxproj", "{9FDAB961-6284-3BEB-9241-76C0E1248B92}"
EndProject
Project("{8BC9CEB8-8B4A-11D0-8D11-00A0C91BC942}") = "libalac", "alac.vcxproj", "{73AE36F4-6AF9-46B0-A682-4321D57EF8E7}"
EndProject
Project("{8BC9CEB8-8B4A-11D0-8D11-00A0C91BC942}") = "shine", "shine\shine.vcxproj", "{2FD2158B-8D2B-496A-9F8A-487FC02703D8}"
EndProject
Project("{8BC9CEB8-8B4A-11D0-8D11-00A0C91BC942}") = "ogg", "ogg\build-win32\ogg.vcxproj", "{30A36E19-76B7-3E6E-9CEF-E1FD087CB557}"
EndProject
Project("{8BC9CEB8-8B4A-11D0-8D11-00A0C91BC942}") = "addons", "addons.vcxproj", "{473BEADA-3942-43DC-9395-497CFBAF73EA}"
	ProjectSection(ProjectDependencies) = postProject
		{2FD2158B-8D2B-496A-9F8A-487FC02703D8} = {2FD2158B-8D2B-496A-9F8A-487FC02703D8}
		{30A36E19-76B7-3E6E-9CEF-E1FD087CB557} = {30A36E19-76B7-3E6E-9CEF-E1FD087CB557}
		{4D06BCFD-CD39-3EF6-9604-3D4C651B3A88} = {4D06BCFD-CD39-3EF6-9604-3D4C651B3A88}
		{553365BD-C2A0-31F5-BA42-52D46010896A} = {553365BD-C2A0-31F5-BA42-52D46010896A}
		{5EE96CF1-02E3-387D-A66C-65C6121790BA} = {5EE96CF1-02E3-387D-A66C-65C6121790BA}
		{73AE36F4-6AF9-46B0-A682-4321D57EF8E7} = {73AE36F4-6AF9-46B0-A682-4321D57EF8E7}
		{839B5F27-EE1A-4D13-96F8-C83B80DDA019} = {839B5F27-EE1A-4D13-96F8-C83B80DDA019}
		{9FDAB961-6284-3BEB-9241-76C0E1248B92} = {9FDAB961-6284-3BEB-9241-76C0E1248B92}
		{BC3EFE27-9015-4C9C-AD3C-72B3B7ED2114} = {BC3EFE27-9015-4C9C-AD3C-72B3B7ED2114}
		{F41F7543-03B4-3022-8B7F-B7ED8275CFCE} = {F41F7543-03B4-3022-8B7F-B7ED8275CFCE}
		{F7D2E432-6B96-3187-BB23-BA74BF2AC03C} = {F7D2E432-6B96-3187-BB23-BA74BF2AC03C}
	EndProjectSection
EndProject
Project("{8BC9CEB8-8B4A-11D0-8D11-00A0C91BC942}") = "libmad", "mad\mad.vcxproj", "{839B5F27-EE1A-4D13-96F8-C83B80DDA019}"
EndProject
Project("{8BC9CEB8-8B4A-11D0-8D11-00A0C91BC942}") = "soxr", "soxr\build-win32\src\soxr.vcxproj", "{F7D2E432-6B96-3187-BB23-BA74BF2AC03C}"
EndProject
Project("{8BC9CEB8-8B4A-11D0-8D11-00A0C91BC942}") = "vorbis", "vorbis\build-win32\lib\vorbis.vcxproj", "{5EE96CF1-02E3-387D-A66C-65C6121790BA}"
EndProject
Project("{8BC9CEB8-8B4A-11D0-8D11-00A0C91BC942}") = "vorbisfile", "vorbis\build-win32\lib\vorbisfile.vcxproj", "{553365BD-C2A0-31F5-BA42-52D46010896A}"
EndProject
Project("{8BC9CEB8-8B4A-11D0-8D11-00A0C91BC942}") = "opus", "opus\build-win32\opus.vcxproj", "{4D06BCFD-CD39-3EF6-9604-3D4C651B3A88}"
EndProject
Project("{8BC9CEB8-8B4A-11D0-8D11-00A0C91BC942}") = "libfaad", "faad2\libfaad\libfaad.vcxproj", "{BC3EFE27-9015-4C9C-AD3C-72B3B7ED2114}"
EndProject
Project("{8BC9CEB8-8B4A-11D0-8D11-00A0C91BC942}") = "opusenc", "opusenc.vcxproj", "{755C376F-0786-46A6-B706-A55E37430A4A}"
EndProject
Project("{8BC9CEB8-8B4A-11D0-8D11-00A0C91BC942}") = "opusfile", "opusfile\build\opusfile.vcxproj", "{C635793C-2B62-375E-AAF7-8707F333CD8C}"
EndProject
Global
	GlobalSection(SolutionConfigurationPlatforms) = preSolution
		Debug|x64 = Debug|x64
		Debug|x86 = Debug|x86
		DebugDLL|x64 = DebugDLL|x64
		DebugDLL|x86 = DebugDLL|x86
		MinSizeRel|x64 = MinSizeRel|x64
		MinSizeRel|x86 = MinSizeRel|x86
		Release|x64 = Release|x64
		Release|x86 = Release|x86
		ReleaseDLL|x64 = ReleaseDLL|x64
		ReleaseDLL|x86 = ReleaseDLL|x86
		Release-NoHTTP|x64 = Release-NoHTTP|x64
		Release-NoHTTP|x86 = Release-NoHTTP|x86
		RelWithDebInfo|x64 = RelWithDebInfo|x64
		RelWithDebInfo|x86 = RelWithDebInfo|x86
	EndGlobalSection
	GlobalSection(ProjectConfigurationPlatforms) = postSolution
		{F41F7543-03B4-3022-8B7F-B7ED8275CFCE}.Debug|x64.ActiveCfg = Debug|Win32
		{F41F7543-03B4-3022-8B7F-B7ED8275CFCE}.Debug|x64.Build.0 = Debug|Win32
		{F41F7543-03B4-3022-8B7F-B7ED8275CFCE}.Debug|x86.ActiveCfg = Debug|Win32
		{F41F7543-03B4-3022-8B7F-B7ED8275CFCE}.Debug|x86.Build.0 = Debug|Win32
		{F41F7543-03B4-3022-8B7F-B7ED8275CFCE}.DebugDLL|x64.ActiveCfg = Debug|Win32
		{F41F7543-03B4-3022-8B7F-B7ED8275CFCE}.DebugDLL|x64.Build.0 = Debug|Win32
		{F41F7543-03B4-3022-8B7F-B7ED8275CFCE}.DebugDLL|x86.ActiveCfg = Debug|Win32
		{F41F7543-03B4-3022-8B7F-B7ED8275CFCE}.DebugDLL|x86.Build.0 = Debug|Win32
		{F41F7543-03B4-3022-8B7F-B7ED8275CFCE}.MinSizeRel|x64.ActiveCfg = MinSizeRel|Win32
		{F41F7543-03B4-3022-8B7F-B7ED8275CFCE}.MinSizeRel|x64.Build.0 = MinSizeRel|Win32
		{F41F7543-03B4-3022-8B7F-B7ED8275CFCE}.MinSizeRel|x86.ActiveCfg = MinSizeRel|Win32
		{F41F7543-03B4-3022-8B7F-B7ED8275CFCE}.MinSizeRel|x86.Build.0 = MinSizeRel|Win32
		{F41F7543-03B4-3022-8B7F-B7ED8275CFCE}.Release|x64.ActiveCfg = Release|Win32
		{F41F7543-03B4-3022-8B7F-B7ED8275CFCE}.Release|x64.Build.0 = Release|Win32
		{F41F7543-03B4-3022-8B7F-B7ED8275CFCE}.Release|x86.ActiveCfg = Release|Win32
		{F41F7543-03B4-3022-8B7F-B7ED8275CFCE}.Release|x86.Build.0 = Release|Win32
		{F41F7543-03B4-3022-8B7F-B7ED8275CFCE}.ReleaseDLL|x64.ActiveCfg = RelWithDebInfo|Win32
		{F41F7543-03B4-3022-8B7F-B7ED8275CFCE}.ReleaseDLL|x64.Build.0 = RelWithDebInfo|Win32
		{F41F7543-03B4-3022-8B7F-B7ED8275CFCE}.ReleaseDLL|x86.ActiveCfg = RelWithDebInfo|Win32
		{F41F7543-03B4-3022-8B7F-B7ED8275CFCE}.ReleaseDLL|x86.Build.0 = RelWithDebInfo|Win32
		{F41F7543-03B4-3022-8B7F-B7ED8275CFCE}.Release-NoHTTP|x64.ActiveCfg = RelWithDebInfo|Win32
		{F41F7543-03B4-3022-8B7F-B7ED8275CFCE}.Release-NoHTTP|x64.Build.0 = RelWithDebInfo|Win32
		{F41F7543-03B4-3022-8B7F-B7ED8275CFCE}.Release-NoHTTP|x86.ActiveCfg = RelWithDebInfo|Win32
		{F41F7543-03B4-3022-8B7F-B7ED8275CFCE}.Release-NoHTTP|x86.Build.0 = RelWithDebInfo|Win32
		{F41F7543-03B4-3022-8B7F-B7ED8275CFCE}.RelWithDebInfo|x64.ActiveCfg = RelWithDebInfo|Win32
		{F41F7543-03B4-3022-8B7F-B7ED8275CFCE}.RelWithDebInfo|x64.Build.0 = RelWithDebInfo|Win32
		{F41F7543-03B4-3022-8B7F-B7ED8275CFCE}.RelWithDebInfo|x86.ActiveCfg = RelWithDebInfo|Win32
		{F41F7543-03B4-3022-8B7F-B7ED8275CFCE}.RelWithDebInfo|x86.Build.0 = RelWithDebInfo|Win32
		{9FDAB961-6284-3BEB-9241-76C0E1248B92}.Debug|x64.ActiveCfg = Debug|Win32
		{9FDAB961-6284-3BEB-9241-76C0E1248B92}.Debug|x64.Build.0 = Debug|Win32
		{9FDAB961-6284-3BEB-9241-76C0E1248B92}.Debug|x86.ActiveCfg = Debug|Win32
		{9FDAB961-6284-3BEB-9241-76C0E1248B92}.Debug|x86.Build.0 = Debug|Win32
		{9FDAB961-6284-3BEB-9241-76C0E1248B92}.DebugDLL|x64.ActiveCfg = Debug|Win32
		{9FDAB961-6284-3BEB-9241-76C0E1248B92}.DebugDLL|x64.Build.0 = Debug|Win32
		{9FDAB961-6284-3BEB-9241-76C0E1248B92}.DebugDLL|x86.ActiveCfg = Debug|Win32
		{9FDAB961-6284-3BEB-9241-76C0E1248B92}.DebugDLL|x86.Build.0 = Debug|Win32
		{9FDAB961-6284-3BEB-9241-76C0E1248B92}.MinSizeRel|x64.ActiveCfg = MinSizeRel|Win32
		{9FDAB961-6284-3BEB-9241-76C0E1248B92}.MinSizeRel|x64.Build.0 = MinSizeRel|Win32
		{9FDAB961-6284-3BEB-9241-76C0E1248B92}.MinSizeRel|x86.ActiveCfg = MinSizeRel|Win32
		{9FDAB961-6284-3BEB-9241-76C0E1248B92}.MinSizeRel|x86.Build.0 = MinSizeRel|Win32
		{9FDAB961-6284-3BEB-9241-76C0E1248B92}.Release|x64.ActiveCfg = Release|Win32
		{9FDAB961-6284-3BEB-9241-76C0E1248B92}.Release|x64.Build.0 = Release|Win32
		{9FDAB961-6284-3BEB-9241-76C0E1248B92}.Release|x86.ActiveCfg = Release|Win32
		{9FDAB961-6284-3BEB-9241-76C0E1248B92}.Release|x86.Build.0 = Release|Win32
		{9FDAB961-6284-3BEB-9241-76C0E1248B92}.ReleaseDLL|x64.ActiveCfg = RelWithDebInfo|Win32
		{9FDAB961-6284-3BEB-9241-76C0E1248B92}.ReleaseDLL|x64.Build.0 = RelWithDebInfo|Win32
		{9FDAB961-6284-3BEB-9241-76C0E1248B92}.ReleaseDLL|x86.ActiveCfg = RelWithDebInfo|Win32
		{9FDAB961-6284-3BEB-9241-76C0E1248B92}.ReleaseDLL|x86.Build.0 = RelWithDebInfo|Win32
		{9FDAB961-6284-3BEB-9241-76C0E1248B92}.Release-NoHTTP|x64.ActiveCfg = RelWithDebInfo|Win32
		{9FDAB961-6284-3BEB-9241-76C0E1248B92}.Release-NoHTTP|x64.Build.0 = RelWithDebInfo|Win32
		{9FDAB961-6284-3BEB-9241-76C0E1248B92}.Release-NoHTTP|x86.ActiveCfg = RelWithDebInfo|Win32
		{9FDAB961-6284-3BEB-9241-76C0E1248B92}.Release-NoHTTP|x86.Build.0 = RelWithDebInfo|Win32
		{9FDAB961-6284-3BEB-9241-76C0E1248B92}.RelWithDebInfo|x64.ActiveCfg = RelWithDebInfo|Win32
		{9FDAB961-6284-3BEB-9241-76C0E1248B92}.RelWithDebInfo|x64.Build.0 = RelWithDebInfo|Win32
		{9FDAB961-6284-3BEB-9241-76C0E1248B92}.RelWithDebInfo|x86.ActiveCfg = RelWithDebInfo|Win32
		{9FDAB961-6284-3BEB-9241-76C0E1248B92}.RelWithDebInfo|x86.Build.0 = RelWithDebInfo|Win32
		{73AE36F4-6AF9-46B0-A682-4321D57EF8E7}.Debug|x64.ActiveCfg = Release|x64
		{73AE36F4-6AF9-46B0-A682-4321D57EF8E7}.Debug|x64.Build.0 = Release|x64
		{73AE36F4-6AF9-46B0-A682-4321D57EF8E7}.Debug|x86.ActiveCfg = Release|Win32
		{73AE36F4-6AF9-46B0-A682-4321D57EF8E7}.Debug|x86.Build.0 = Release|Win32
		{73AE36F4-6AF9-46B0-A682-4321D57EF8E7}.DebugDLL|x64.ActiveCfg = Release|x64
		{73AE36F4-6AF9-46B0-A682-4321D57EF8E7}.DebugDLL|x64.Build.0 = Release|x64
		{73AE36F4-6AF9-46B0-A682-4321D57EF8E7}.DebugDLL|x86.ActiveCfg = Release|Win32
		{73AE36F4-6AF9-46B0-A682-4321D57EF8E7}.DebugDLL|x86.Build.0 = Release|Win32
		{73AE36F4-6AF9-46B0-A682-4321D57EF8E7}.MinSizeRel|x64.ActiveCfg = Release|x64
		{73AE36F4-6AF9-46B0-A682-4321D57EF8E7}.MinSizeRel|x64.Build.0 = Release|x64
		{73AE36F4-6AF9-46B0-A682-4321D57EF8E7}.MinSizeRel|x86.ActiveCfg = Release|Win32
		{73AE36F4-6AF9-46B0-A682-4321D57EF8E7}.MinSizeRel|x86.Build.0 = Release|Win32
		{73AE36F4-6AF9-46B0-A682-4321D57EF8E7}.Release|x64.ActiveCfg = Release|x64
		{73AE36F4-6AF9-46B0-A682-4321D57EF8E7}.Release|x64.Build.0 = Release|x64
		{73AE36F4-6AF9-46B0-A682-4321D57EF8E7}.Release|x86.ActiveCfg = Release|Win32
		{73AE36F4-6AF9-46B0-A682-4321D57EF8E7}.Release|x86.Build.0 = Release|Win32
		{73AE36F4-6AF9-46B0-A682-4321D57EF8E7}.ReleaseDLL|x64.ActiveCfg = Release|x64
		{73AE36F4-6AF9-46B0-A682-4321D57EF8E7}.ReleaseDLL|x64.Build.0 = Release|x64
		{73AE36F4-6AF9-46B0-A682-4321D57EF8E7}.ReleaseDLL|x86.ActiveCfg = Release|Win32
		{73AE36F4-6AF9-46B0-A682-4321D57EF8E7}.ReleaseDLL|x86.Build.0 = Release|Win32
		{73AE36F4-6AF9-46B0-A682-4321D57EF8E7}.Release-NoHTTP|x64.ActiveCfg = Release|x64
		{73AE36F4-6AF9-46B0-A682-4321D57EF8E7}.Release-NoHTTP|x64.Build.0 = Release|x64
		{73AE36F4-6AF9-46B0-A682-4321D57EF8E7}.Release-NoHTTP|x86.ActiveCfg = Release|Win32
		{73AE36F4-6AF9-46B0-A682-4321D57EF8E7}.Release-NoHTTP|x86.Build.0 = Release|Win32
		{73AE36F4-6AF9-46B0-A682-4321D57EF8E7}.RelWithDebInfo|x64.ActiveCfg = Release|x64
		{73AE36F4-6AF9-46B0-A682-4321D57EF8E7}.RelWithDebInfo|x64.Build.0 = Release|x64
		{73AE36F4-6AF9-46B0-A682-4321D57EF8E7}.RelWithDebInfo|x86.ActiveCfg = Release|Win32
		{73AE36F4-6AF9-46B0-A682-4321D57EF8E7}.RelWithDebInfo|x86.Build.0 = Release|Win32
		{2FD2158B-8D2B-496A-9F8A-487FC02703D8}.Debug|x64.ActiveCfg = Debug|x64
		{2FD2158B-8D2B-496A-9F8A-487FC02703D8}.Debug|x64.Build.0 = Debug|x64
		{2FD2158B-8D2B-496A-9F8A-487FC02703D8}.Debug|x86.ActiveCfg = Debug|Win32
		{2FD2158B-8D2B-496A-9F8A-487FC02703D8}.Debug|x86.Build.0 = Debug|Win32
		{2FD2158B-8D2B-496A-9F8A-487FC02703D8}.DebugDLL|x64.ActiveCfg = Debug|x64
		{2FD2158B-8D2B-496A-9F8A-487FC02703D8}.DebugDLL|x64.Build.0 = Debug|x64
		{2FD2158B-8D2B-496A-9F8A-487FC02703D8}.DebugDLL|x86.ActiveCfg = Debug|Win32
		{2FD2158B-8D2B-496A-9F8A-487FC02703D8}.DebugDLL|x86.Build.0 = Debug|Win32
		{2FD2158B-8D2B-496A-9F8A-487FC02703D8}.MinSizeRel|x64.ActiveCfg = Debug|x64
		{2FD2158B-8D2B-496A-9F8A-487FC02703D8}.MinSizeRel|x64.Build.0 = Debug|x64
		{2FD2158B-8D2B-496A-9F8A-487FC02703D8}.MinSizeRel|x86.ActiveCfg = Debug|Win32
		{2FD2158B-8D2B-496A-9F8A-487FC02703D8}.MinSizeRel|x86.Build.0 = Debug|Win32
		{2FD2158B-8D2B-496A-9F8A-487FC02703D8}.Release|x64.ActiveCfg = Release|x64
		{2FD2158B-8D2B-496A-9F8A-487FC02703D8}.Release|x64.Build.0 = Release|x64
		{2FD2158B-8D2B-496A-9F8A-487FC02703D8}.Release|x86.ActiveCfg = Release|Win32
		{2FD2158B-8D2B-496A-9F8A-487FC02703D8}.Release|x86.Build.0 = Release|Win32
		{2FD2158B-8D2B-496A-9F8A-487FC02703D8}.ReleaseDLL|x64.ActiveCfg = Release|x64
		{2FD2158B-8D2B-496A-9F8A-487FC02703D8}.ReleaseDLL|x64.Build.0 = Release|x64
		{2FD2158B-8D2B-496A-9F8A-487FC02703D8}.ReleaseDLL|x86.ActiveCfg = Release|Win32
		{2FD2158B-8D2B-496A-9F8A-487FC02703D8}.ReleaseDLL|x86.Build.0 = Release|Win32
		{2FD2158B-8D2B-496A-9F8A-487FC02703D8}.Release-NoHTTP|x64.ActiveCfg = Release|x64
		{2FD2158B-8D2B-496A-9F8A-487FC02703D8}.Release-NoHTTP|x64.Build.0 = Release|x64
		{2FD2158B-8D2B-496A-9F8A-487FC02703D8}.Release-NoHTTP|x86.ActiveCfg = Release|Win32
		{2FD2158B-8D2B-496A-9F8A-487FC02703D8}.Release-NoHTTP|x86.Build.0 = Release|Win32
		{2FD2158B-8D2B-496A-9F8A-487FC02703D8}.RelWithDebInfo|x64.ActiveCfg = Release|x64
		{2FD2158B-8D2B-496A-9F8A-487FC02703D8}.RelWithDebInfo|x64.Build.0 = Release|x64
		{2FD2158B-8D2B-496A-9F8A-487FC02703D8}.RelWithDebInfo|x86.ActiveCfg = Release|Win32
		{2FD2158B-8D2B-496A-9F8A-487FC02703D8}.RelWithDebInfo|x86.Build.0 = Release|Win32
		{30A36E19-76B7-3E6E-9CEF-E1FD087CB557}.Debug|x64.ActiveCfg = Debug|Win32
		{30A36E19-76B7-3E6E-9CEF-E1FD087CB557}.Debug|x64.Build.0 = Debug|Win32
		{30A36E19-76B7-3E6E-9CEF-E1FD087CB557}.Debug|x86.ActiveCfg = Debug|Win32
		{30A36E19-76B7-3E6E-9CEF-E1FD087CB557}.Debug|x86.Build.0 = Debug|Win32
		{30A36E19-76B7-3E6E-9CEF-E1FD087CB557}.DebugDLL|x64.ActiveCfg = Debug|Win32
		{30A36E19-76B7-3E6E-9CEF-E1FD087CB557}.DebugDLL|x64.Build.0 = Debug|Win32
		{30A36E19-76B7-3E6E-9CEF-E1FD087CB557}.DebugDLL|x86.ActiveCfg = Debug|Win32
		{30A36E19-76B7-3E6E-9CEF-E1FD087CB557}.DebugDLL|x86.Build.0 = Debug|Win32
		{30A36E19-76B7-3E6E-9CEF-E1FD087CB557}.MinSizeRel|x64.ActiveCfg = MinSizeRel|Win32
		{30A36E19-76B7-3E6E-9CEF-E1FD087CB557}.MinSizeRel|x64.Build.0 = MinSizeRel|Win32
		{30A36E19-76B7-3E6E-9CEF-E1FD087CB557}.MinSizeRel|x86.ActiveCfg = MinSizeRel|Win32
		{30A36E19-76B7-3E6E-9CEF-E1FD087CB557}.MinSizeRel|x86.Build.0 = MinSizeRel|Win32
		{30A36E19-76B7-3E6E-9CEF-E1FD087CB557}.Release|x64.ActiveCfg = Release|Win32
		{30A36E19-76B7-3E6E-9CEF-E1FD087CB557}.Release|x64.Build.0 = Release|Win32
		{30A36E19-76B7-3E6E-9CEF-E1FD087CB557}.Release|x86.ActiveCfg = Release|Win32
		{30A36E19-76B7-3E6E-9CEF-E1FD087CB557}.Release|x86.Build.0 = Release|Win32
		{30A36E19-76B7-3E6E-9CEF-E1FD087CB557}.ReleaseDLL|x64.ActiveCfg = RelWithDebInfo|Win32
		{30A36E19-76B7-3E6E-9CEF-E1FD087CB557}.ReleaseDLL|x64.Build.0 = RelWithDebInfo|Win32
		{30A36E19-76B7-3E6E-9CEF-E1FD087CB557}.ReleaseDLL|x86.ActiveCfg = RelWithDebInfo|Win32
		{30A36E19-76B7-3E6E-9CEF-E1FD087CB557}.ReleaseDLL|x86.Build.0 = RelWithDebInfo|Win32
		{30A36E19-76B7-3E6E-9CEF-E1FD087CB557}.Release-NoHTTP|x64.ActiveCfg = RelWithDebInfo|Win32
		{30A36E19-76B7-3E6E-9CEF-E1FD087CB557}.Release-NoHTTP|x64.Build.0 = RelWithDebInfo|Win32
		{30A36E19-76B7-3E6E-9CEF-E1FD087CB557}.Release-NoHTTP|x86.ActiveCfg = RelWithDebInfo|Win32
		{30A36E19-76B7-3E6E-9CEF-E1FD087CB557}.Release-NoHTTP|x86.Build.0 = RelWithDebInfo|Win32
		{30A36E19-76B7-3E6E-9CEF-E1FD087CB557}.RelWithDebInfo|x64.ActiveCfg = RelWithDebInfo|Win32
		{30A36E19-76B7-3E6E-9CEF-E1FD087CB557}.RelWithDebInfo|x64.Build.0 = RelWithDebInfo|Win32
		{30A36E19-76B7-3E6E-9CEF-E1FD087CB557}.RelWithDebInfo|x86.ActiveCfg = RelWithDebInfo|Win32
		{30A36E19-76B7-3E6E-9CEF-E1FD087CB557}.RelWithDebInfo|x86.Build.0 = RelWithDebInfo|Win32
		{473BEADA-3942-43DC-9395-497CFBAF73EA}.Debug|x64.ActiveCfg = Debug|x64
		{473BEADA-3942-43DC-9395-497CFBAF73EA}.Debug|x64.Build.0 = Debug|x64
		{473BEADA-3942-43DC-9395-497CFBAF73EA}.Debug|x86.ActiveCfg = Debug|Win32
		{473BEADA-3942-43DC-9395-497CFBAF73EA}.Debug|x86.Build.0 = Debug|Win32
		{473BEADA-3942-43DC-9395-497CFBAF73EA}.DebugDLL|x64.ActiveCfg = Debug|x64
		{473BEADA-3942-43DC-9395-497CFBAF73EA}.DebugDLL|x64.Build.0 = Debug|x64
		{473BEADA-3942-43DC-9395-497CFBAF73EA}.DebugDLL|x86.ActiveCfg = Debug|Win32
		{473BEADA-3942-43DC-9395-497CFBAF73EA}.DebugDLL|x86.Build.0 = Debug|Win32
		{473BEADA-3942-43DC-9395-497CFBAF73EA}.MinSizeRel|x64.ActiveCfg = Debug|x64
		{473BEADA-3942-43DC-9395-497CFBAF73EA}.MinSizeRel|x64.Build.0 = Debug|x64
		{473BEADA-3942-43DC-9395-497CFBAF73EA}.MinSizeRel|x86.ActiveCfg = Debug|Win32
		{473BEADA-3942-43DC-9395-497CFBAF73EA}.MinSizeRel|x86.Build.0 = Debug|Win32
		{473BEADA-3942-43DC-9395-497CFBAF73EA}.Release|x64.ActiveCfg = Release|x64
		{473BEADA-3942-43DC-9395-497CFBAF73EA}.Release|x64.Build.0 = Release|x64
		{473BEADA-3942-43DC-9395-497CFBAF73EA}.Release|x86.ActiveCfg = Release|Win32
		{473BEADA-3942-43DC-9395-497CFBAF73EA}.Release|x86.Build.0 = Release|Win32
		{473BEADA-3942-43DC-9395-497CFBAF73EA}.ReleaseDLL|x64.ActiveCfg = Release|x64
		{473BEADA-3942-43DC-9395-497CFBAF73EA}.ReleaseDLL|x64.Build.0 = Release|x64
		{473BEADA-3942-43DC-9395-497CFBAF73EA}.ReleaseDLL|x86.ActiveCfg = Release|Win32
		{473BEADA-3942-43DC-9395-497CFBAF73EA}.ReleaseDLL|x86.Build.0 = Release|Win32
		{473BEADA-3942-43DC-9395-497CFBAF73EA}.Release-NoHTTP|x64.ActiveCfg = Release|x64
		{473BEADA-3942-43DC-9395-497CFBAF73EA}.Release-NoHTTP|x64.Build.0 = Release|x64
		{473BEADA-3942-43DC-9395-497CFBAF73EA}.Release-NoHTTP|x86.ActiveCfg = Release|Win32
		{473BEADA-3942-43DC-9395-497CFBAF73EA}.Release-NoHTTP|x86.Build.0 = Release|Win32
		{473BEADA-3942-43DC-9395-497CFBAF73EA}.RelWithDebInfo|x64.ActiveCfg = Release|x64
		{473BEADA-3942-43DC-9395-497CFBAF73EA}.RelWithDebInfo|x64.Build.0 = Release|x64
		{473BEADA-3942-43DC-9395-497CFBAF73EA}.RelWithDebInfo|x86.ActiveCfg = Release|Win32
		{473BEADA-3942-43DC-9395-497CFBAF73EA}.RelWithDebInfo|x86.Build.0 = Release|Win32
		{839B5F27-EE1A-4D13-96F8-C83B80DDA019}.Debug|x64.ActiveCfg = Release|Win32
		{839B5F27-EE1A-4D13-96F8-C83B80DDA019}.Debug|x64.Build.0 = Release|Win32
		{839B5F27-EE1A-4D13-96F8-C83B80DDA019}.Debug|x86.ActiveCfg = Release|Win32
		{839B5F27-EE1A-4D13-96F8-C83B80DDA019}.Debug|x86.Build.0 = Release|Win32
		{839B5F27-EE1A-4D13-96F8-C83B80DDA019}.DebugDLL|x64.ActiveCfg = Release|Win32
		{839B5F27-EE1A-4D13-96F8-C83B80DDA019}.DebugDLL|x64.Build.0 = Release|Win32
		{839B5F27-EE1A-4D13-96F8-C83B80DDA019}.DebugDLL|x86.ActiveCfg = Release|Win32
		{839B5F27-EE1A-4D13-96F8-C83B80DDA019}.DebugDLL|x86.Build.0 = Release|Win32
		{839B5F27-EE1A-4D13-96F8-C83B80DDA019}.MinSizeRel|x64.ActiveCfg = Release|Win32
		{839B5F27-EE1A-4D13-96F8-C83B80DDA019}.MinSizeRel|x64.Build.0 = Release|Win32
		{839B5F27-EE1A-4D13-96F8-C83B80DDA019}.MinSizeRel|x86.ActiveCfg = Release|Win32
		{839B5F27-EE1A-4D13-96F8-C83B80DDA019}.MinSizeRel|x86.Build.0 = Release|Win32
		{839B5F27-EE1A-4D13-96F8-C83B80DDA019}.Release|x64.ActiveCfg = Release|Win32
		{839B5F27-EE1A-4D13-96F8-C83B80DDA019}.Release|x64.Build.0 = Release|Win32
		{839B5F27-EE1A-4D13-96F8-C83B80DDA019}.Release|x86.ActiveCfg = Release|Win32
		{839B5F27-EE1A-4D13-96F8-C83B80DDA019}.Release|x86.Build.0 = Release|Win32
		{839B5F27-EE1A-4D13-96F8-C83B80DDA019}.ReleaseDLL|x64.ActiveCfg = Release|Win32
		{839B5F27-EE1A-4D13-96F8-C83B80DDA019}.ReleaseDLL|x64.Build.0 = Release|Win32
		{839B5F27-EE1A-4D13-96F8-C83B80DDA019}.ReleaseDLL|x86.ActiveCfg = Release|Win32
		{839B5F27-EE1A-4D13-96F8-C83B80DDA019}.ReleaseDLL|x86.Build.0 = Release|Win32
		{839B5F27-EE1A-4D13-96F8-C83B80DDA019}.Release-NoHTTP|x64.ActiveCfg = Release|Win32
		{839B5F27-EE1A-4D13-96F8-C83B80DDA019}.Release-NoHTTP|x64.Build.0 = Release|Win32
		{839B5F27-EE1A-4D13-96F8-C83B80DDA019}.Release-NoHTTP|x86.ActiveCfg = Release|Win32
		{839B5F27-EE1A-4D13-96F8-C83B80DDA019}.Release-NoHTTP|x86.Build.0 = Release|Win32
		{839B5F27-EE1A-4D13-96F8-C83B80DDA019}.RelWithDebInfo|x64.ActiveCfg = Release|Win32
		{839B5F27-EE1A-4D13-96F8-C83B80DDA019}.RelWithDebInfo|x64.Build.0 = Release|Win32
		{839B5F27-EE1A-4D13-96F8-C83B80DDA019}.RelWithDebInfo|x86.ActiveCfg = Release|Win32
		{839B5F27-EE1A-4D13-96F8-C83B80DDA019}.RelWithDebInfo|x86.Build.0 = Release|Win32
		{F7D2E432-6B96-3187-BB23-BA74BF2AC03C}.Debug|x64.ActiveCfg = Debug|Win32
		{F7D2E432-6B96-3187-BB23-BA74BF2AC03C}.Debug|x64.Build.0 = Debug|Win32
		{F7D2E432-6B96-3187-BB23-BA74BF2AC03C}.Debug|x86.ActiveCfg = Debug|Win32
		{F7D2E432-6B96-3187-BB23-BA74BF2AC03C}.Debug|x86.Build.0 = Debug|Win32
		{F7D2E432-6B96-3187-BB23-BA74BF2AC03C}.DebugDLL|x64.ActiveCfg = Debug|Win32
		{F7D2E432-6B96-3187-BB23-BA74BF2AC03C}.DebugDLL|x64.Build.0 = Debug|Win32
		{F7D2E432-6B96-3187-BB23-BA74BF2AC03C}.DebugDLL|x86.ActiveCfg = Debug|Win32
		{F7D2E432-6B96-3187-BB23-BA74BF2AC03C}.DebugDLL|x86.Build.0 = Debug|Win32
		{F7D2E432-6B96-3187-BB23-BA74BF2AC03C}.MinSizeRel|x64.ActiveCfg = MinSizeRel|Win32
		{F7D2E432-6B96-3187-BB23-BA74BF2AC03C}.MinSizeRel|x64.Build.0 = MinSizeRel|Win32
		{F7D2E432-6B96-3187-BB23-BA74BF2AC03C}.MinSizeRel|x86.ActiveCfg = MinSizeRel|Win32
		{F7D2E432-6B96-3187-BB23-BA74BF2AC03C}.MinSizeRel|x86.Build.0 = MinSizeRel|Win32
		{F7D2E432-6B96-3187-BB23-BA74BF2AC03C}.Release|x64.ActiveCfg = Release|Win32
		{F7D2E432-6B96-3187-BB23-BA74BF2AC03C}.Release|x64.Build.0 = Release|Win32
		{F7D2E432-6B96-3187-BB23-BA74BF2AC03C}.Release|x86.ActiveCfg = Release|Win32
		{F7D2E432-6B96-3187-BB23-BA74BF2AC03C}.Release|x86.Build.0 = Release|Win32
		{F7D2E432-6B96-3187-BB23-BA74BF2AC03C}.ReleaseDLL|x64.ActiveCfg = RelWithDebInfo|Win32
		{F7D2E432-6B96-3187-BB23-BA74BF2AC03C}.ReleaseDLL|x64.Build.0 = RelWithDebInfo|Win32
		{F7D2E432-6B96-3187-BB23-BA74BF2AC03C}.ReleaseDLL|x86.ActiveCfg = RelWithDebInfo|Win32
		{F7D2E432-6B96-3187-BB23-BA74BF2AC03C}.ReleaseDLL|x86.Build.0 = RelWithDebInfo|Win32
		{F7D2E432-6B96-3187-BB23-BA74BF2AC03C}.Release-NoHTTP|x64.ActiveCfg = RelWithDebInfo|Win32
		{F7D2E432-6B96-3187-BB23-BA74BF2AC03C}.Release-NoHTTP|x64.Build.0 = RelWithDebInfo|Win32
		{F7D2E432-6B96-3187-BB23-BA74BF2AC03C}.Release-NoHTTP|x86.ActiveCfg = RelWithDebInfo|Win32
		{F7D2E432-6B96-3187-BB23-BA74BF2AC03C}.Release-NoHTTP|x86.Build.0 = RelWithDebInfo|Win32
		{F7D2E432-6B96-3187-BB23-BA74BF2AC03C}.RelWithDebInfo|x64.ActiveCfg = RelWithDebInfo|Win32
		{F7D2E432-6B96-3187-BB23-BA74BF2AC03C}.RelWithDebInfo|x64.Build.0 = RelWithDebInfo|Win32
		{F7D2E432-6B96-3187-BB23-BA74BF2AC03C}.RelWithDebInfo|x86.ActiveCfg = RelWithDebInfo|Win32
		{F7D2E432-6B96-3187-BB23-BA74BF2AC03C}.RelWithDebInfo|x86.Build.0 = RelWithDebInfo|Win32
		{5EE96CF1-02E3-387D-A66C-65C6121790BA}.Debug|x64.ActiveCfg = Debug|Win32
		{5EE96CF1-02E3-387D-A66C-65C6121790BA}.Debug|x64.Build.0 = Debug|Win32
		{5EE96CF1-02E3-387D-A66C-65C6121790BA}.Debug|x86.ActiveCfg = Debug|Win32
		{5EE96CF1-02E3-387D-A66C-65C6121790BA}.Debug|x86.Build.0 = Debug|Win32
		{5EE96CF1-02E3-387D-A66C-65C6121790BA}.DebugDLL|x64.ActiveCfg = Debug|Win32
		{5EE96CF1-02E3-387D-A66C-65C6121790BA}.DebugDLL|x64.Build.0 = Debug|Win32
		{5EE96CF1-02E3-387D-A66C-65C6121790BA}.DebugDLL|x86.ActiveCfg = Debug|Win32
		{5EE96CF1-02E3-387D-A66C-65C6121790BA}.DebugDLL|x86.Build.0 = Debug|Win32
		{5EE96CF1-02E3-387D-A66C-65C6121790BA}.MinSizeRel|x64.ActiveCfg = MinSizeRel|Win32
		{5EE96CF1-02E3-387D-A66C-65C6121790BA}.MinSizeRel|x64.Build.0 = MinSizeRel|Win32
		{5EE96CF1-02E3-387D-A66C-65C6121790BA}.MinSizeRel|x86.ActiveCfg = MinSizeRel|Win32
		{5EE96CF1-02E3-387D-A66C-65C6121790BA}.MinSizeRel|x86.Build.0 = MinSizeRel|Win32
		{5EE96CF1-02E3-387D-A66C-65C6121790BA}.Release|x64.ActiveCfg = Release|Win32
		{5EE96CF1-02E3-387D-A66C-65C6121790BA}.Release|x64.Build.0 = Release|Win32
		{5EE96CF1-02E3-387D-A66C-65C6121790BA}.Release|x86.ActiveCfg = Release|Win32
		{5EE96CF1-02E3-387D-A66C-65C6121790BA}.Release|x86.Build.0 = Release|Win32
		{5EE96CF1-02E3-387D-A66C-65C6121790BA}.ReleaseDLL|x64.ActiveCfg = RelWithDebInfo|Win32
		{5EE96CF1-02E3-387D-A66C-65C6121790BA}.ReleaseDLL|x64.Build.0 = RelWithDebInfo|Win32
		{5EE96CF1-02E3-387D-A66C-65C6121790BA}.ReleaseDLL|x86.ActiveCfg = RelWithDebInfo|Win32
		{5EE96CF1-02E3-387D-A66C-65C6121790BA}.ReleaseDLL|x86.Build.0 = RelWithDebInfo|Win32
		{5EE96CF1-02E3-387D-A66C-65C6121790BA}.Release-NoHTTP|x64.ActiveCfg = RelWithDebInfo|Win32
		{5EE96CF1-02E3-387D-A66C-65C6121790BA}.Release-NoHTTP|x64.Build.0 = RelWithDebInfo|Win32
		{5EE96CF1-02E3-387D-A66C-65C6121790BA}.Release-NoHTTP|x86.ActiveCfg = RelWithDebInfo|Win32
		{5EE96CF1-02E3-387D-A66C-65C6121790BA}.Release-NoHTTP|x86.Build.0 = RelWithDebInfo|Win32
		{5EE96CF1-02E3-387D-A66C-65C6121790BA}.RelWithDebInfo|x64.ActiveCfg = RelWithDebInfo|Win32
		{5EE96CF1-02E3-387D-A66C-65C6121790BA}.RelWithDebInfo|x64.Build.0 = RelWithDebInfo|Win32
		{5EE96CF1-02E3-387D-A66C-65C6121790BA}.RelWithDebInfo|x86.ActiveCfg = RelWithDebInfo|Win32
		{5EE96CF1-02E3-387D-A66C-65C6121790BA}.RelWithDebInfo|x86.Build.0 = RelWithDebInfo|Win32
		{553365BD-C2A0-31F5-BA42-52D46010896A}.Debug|x64.ActiveCfg = Debug|Win32
		{553365BD-C2A0-31F5-BA42-52D46010896A}.Debug|x64.Build.0 = Debug|Win32
		{553365BD-C2A0-31F5-BA42-52D46010896A}.Debug|x86.ActiveCfg = Debug|Win32
		{553365BD-C2A0-31F5-BA42-52D46010896A}.Debug|x86.Build.0 = Debug|Win32
		{553365BD-C2A0-31F5-BA42-52D46010896A}.DebugDLL|x64.ActiveCfg = Debug|Win32
		{553365BD-C2A0-31F5-BA42-52D46010896A}.DebugDLL|x64.Build.0 = Debug|Win32
		{553365BD-C2A0-31F5-BA42-52D46010896A}.DebugDLL|x86.ActiveCfg = Debug|Win32
		{553365BD-C2A0-31F5-BA42-52D46010896A}.DebugDLL|x86.Build.0 = Debug|Win32
		{553365BD-C2A0-31F5-BA42-52D46010896A}.MinSizeRel|x64.ActiveCfg = MinSizeRel|Win32
		{553365BD-C2A0-31F5-BA42-52D46010896A}.MinSizeRel|x64.Build.0 = MinSizeRel|Win32
		{553365BD-C2A0-31F5-BA42-52D46010896A}.MinSizeRel|x86.ActiveCfg = MinSizeRel|Win32
		{553365BD-C2A0-31F5-BA42-52D46010896A}.MinSizeRel|x86.Build.0 = MinSizeRel|Win32
		{553365BD-C2A0-31F5-BA42-52D46010896A}.Release|x64.ActiveCfg = Release|Win32
		{553365BD-C2A0-31F5-BA42-52D46010896A}.Release|x64.Build.0 = Release|Win32
		{553365BD-C2A0-31F5-BA42-52D46010896A}.Release|x86.ActiveCfg = Release|Win32
		{553365BD-C2A0-31F5-BA42-52D46010896A}.Release|x86.Build.0 = Release|Win32
		{553365BD-C2A0-31F5-BA42-52D46010896A}.ReleaseDLL|x64.ActiveCfg = RelWithDebInfo|Win32
		{553365BD-C2A0-31F5-BA42-52D46010896A}.ReleaseDLL|x64.Build.0 = RelWithDebInfo|Win32
		{553365BD-C2A0-31F5-BA42-52D46010896A}.ReleaseDLL|x86.ActiveCfg = RelWithDebInfo|Win32
		{553365BD-C2A0-31F5-BA42-52D46010896A}.ReleaseDLL|x86.Build.0 = RelWithDebInfo|Win32
		{553365BD-C2A0-31F5-BA42-52D46010896A}.Release-NoHTTP|x64.ActiveCfg = RelWithDebInfo|Win32
		{553365BD-C2A0-31F5-BA42-52D46010896A}.Release-NoHTTP|x64.Build.0 = RelWithDebInfo|Win32
		{553365BD-C2A0-31F5-BA42-52D46010896A}.Release-NoHTTP|x86.ActiveCfg = RelWithDebInfo|Win32
		{553365BD-C2A0-31F5-BA42-52D46010896A}.Release-NoHTTP|x86.Build.0 = RelWithDebInfo|Win32
		{553365BD-C2A0-31F5-BA42-52D46010896A}.RelWithDebInfo|x64.ActiveCfg = RelWithDebInfo|Win32
		{553365BD-C2A0-31F5-BA42-52D46010896A}.RelWithDebInfo|x64.Build.0 = RelWithDebInfo|Win32
		{553365BD-C2A0-31F5-BA42-52D46010896A}.RelWithDebInfo|x86.ActiveCfg = RelWithDebInfo|Win32
		{553365BD-C2A0-31F5-BA42-52D46010896A}.RelWithDebInfo|x86.Build.0 = RelWithDebInfo|Win32
		{4D06BCFD-CD39-3EF6-9604-3D4C651B3A88}.Debug|x64.ActiveCfg = Debug|Win32
		{4D06BCFD-CD39-3EF6-9604-3D4C651B3A88}.Debug|x64.Build.0 = Debug|Win32
		{4D06BCFD-CD39-3EF6-9604-3D4C651B3A88}.Debug|x86.ActiveCfg = Debug|Win32
		{4D06BCFD-CD39-3EF6-9604-3D4C651B3A88}.Debug|x86.Build.0 = Debug|Win32
		{4D06BCFD-CD39-3EF6-9604-3D4C651B3A88}.DebugDLL|x64.ActiveCfg = Debug|Win32
		{4D06BCFD-CD39-3EF6-9604-3D4C651B3A88}.DebugDLL|x64.Build.0 = Debug|Win32
		{4D06BCFD-CD39-3EF6-9604-3D4C651B3A88}.DebugDLL|x86.ActiveCfg = Debug|Win32
		{4D06BCFD-CD39-3EF6-9604-3D4C651B3A88}.DebugDLL|x86.Build.0 = Debug|Win32
		{4D06BCFD-CD39-3EF6-9604-3D4C651B3A88}.MinSizeRel|x64.ActiveCfg = MinSizeRel|Win32
		{4D06BCFD-CD39-3EF6-9604-3D4C651B3A88}.MinSizeRel|x64.Build.0 = MinSizeRel|Win32
		{4D06BCFD-CD39-3EF6-9604-3D4C651B3A88}.MinSizeRel|x86.ActiveCfg = MinSizeRel|Win32
		{4D06BCFD-CD39-3EF6-9604-3D4C651B3A88}.MinSizeRel|x86.Build.0 = MinSizeRel|Win32
		{4D06BCFD-CD39-3EF6-9604-3D4C651B3A88}.Release|x64.ActiveCfg = Release|Win32
		{4D06BCFD-CD39-3EF6-9604-3D4C651B3A88}.Release|x64.Build.0 = Release|Win32
		{4D06BCFD-CD39-3EF6-9604-3D4C651B3A88}.Release|x86.ActiveCfg = Release|Win32
		{4D06BCFD-CD39-3EF6-9604-3D4C651B3A88}.Release|x86.Build.0 = Release|Win32
		{4D06BCFD-CD39-3EF6-9604-3D4C651B3A88}.ReleaseDLL|x64.ActiveCfg = RelWithDebInfo|Win32
		{4D06BCFD-CD39-3EF6-9604-3D4C651B3A88}.ReleaseDLL|x64.Build.0 = RelWithDebInfo|Win32
		{4D06BCFD-CD39-3EF6-9604-3D4C651B3A88}.ReleaseDLL|x86.ActiveCfg = RelWithDebInfo|Win32
		{4D06BCFD-CD39-3EF6-9604-3D4C651B3A88}.ReleaseDLL|x86.Build.0 = RelWithDebInfo|Win32
		{4D06BCFD-CD39-3EF6-9604-3D4C651B3A88}.Release-NoHTTP|x64.ActiveCfg = RelWithDebInfo|Win32
		{4D06BCFD-CD39-3EF6-9604-3D4C651B3A88}.Release-NoHTTP|x64.Build.0 = RelWithDebInfo|Win32
		{4D06BCFD-CD39-3EF6-9604-3D4C651B3A88}.Release-NoHTTP|x86.ActiveCfg = RelWithDebInfo|Win32
		{4D06BCFD-CD39-3EF6-9604-3D4C651B3A88}.Release-NoHTTP|x86.Build.0 = RelWithDebInfo|Win32
		{4D06BCFD-CD39-3EF6-9604-3D4C651B3A88}.RelWithDebInfo|x64.ActiveCfg = RelWithDebInfo|Win32
		{4D06BCFD-CD39-3EF6-9604-3D4C651B3A88}.RelWithDebInfo|x64.Build.0 = RelWithDebInfo|Win32
		{4D06BCFD-CD39-3EF6-9604-3D4C651B3A88}.RelWithDebInfo|x86.ActiveCfg = RelWithDebInfo|Win32
		{4D06BCFD-CD39-3EF6-9604-3D4C651B3A88}.RelWithDebInfo|x86.Build.0 = RelWithDebInfo|Win32
		{BC3EFE27-9015-4C9C-AD3C-72B3B7ED2114}.Debug|x64.ActiveCfg = Debug|Win32
		{BC3EFE27-9015-4C9C-AD3C-72B3B7ED2114}.Debug|x64.Build.0 = Debug|Win32
		{BC3EFE27-9015-4C9C-AD3C-72B3B7ED2114}.Debug|x86.ActiveCfg = Debug|Win32
		{BC3EFE27-9015-4C9C-AD3C-72B3B7ED2114}.Debug|x86.Build.0 = Debug|Win32
		{BC3EFE27-9015-4C9C-AD3C-72B3B7ED2114}.DebugDLL|x64.ActiveCfg = Debug|Win32
		{BC3EFE27-9015-4C9C-AD3C-72B3B7ED2114}.DebugDLL|x64.Build.0 = Debug|Win32
		{BC3EFE27-9015-4C9C-AD3C-72B3B7ED2114}.DebugDLL|x86.ActiveCfg = Debug|Win32
		{BC3EFE27-9015-4C9C-AD3C-72B3B7ED2114}.DebugDLL|x86.Build.0 = Debug|Win32
		{BC3EFE27-9015-4C9C-AD3C-72B3B7ED2114}.MinSizeRel|x64.ActiveCfg = Debug|Win32
		{BC3EFE27-9015-4C9C-AD3C-72B3B7ED2114}.MinSizeRel|x64.Build.0 = Debug|Win32
		{BC3EFE27-9015-4C9C-AD3C-72B3B7ED2114}.MinSizeRel|x86.ActiveCfg = Debug|Win32
		{BC3EFE27-9015-4C9C-AD3C-72B3B7ED2114}.MinSizeRel|x86.Build.0 = Debug|Win32
		{BC3EFE27-9015-4C9C-AD3C-72B3B7ED2114}.Release|x64.ActiveCfg = Release|Win32
		{BC3EFE27-9015-4C9C-AD3C-72B3B7ED2114}.Release|x64.Build.0 = Release|Win32
		{BC3EFE27-9015-4C9C-AD3C-72B3B7ED2114}.Release|x86.ActiveCfg = Release|Win32
		{BC3EFE27-9015-4C9C-AD3C-72B3B7ED2114}.Release|x86.Build.0 = Release|Win32
		{BC3EFE27-9015-4C9C-AD3C-72B3B7ED2114}.ReleaseDLL|x64.ActiveCfg = Release|Win32
		{BC3EFE27-9015-4C9C-AD3C-72B3B7ED2114}.ReleaseDLL|x64.Build.0 = Release|Win32
		{BC3EFE27-9015-4C9C-AD3C-72B3B7ED2114}.ReleaseDLL|x86.ActiveCfg = Release|Win32
		{BC3EFE27-9015-4C9C-AD3C-72B3B7ED2114}.ReleaseDLL|x86.Build.0 = Release|Win32
		{BC3EFE27-9015-4C9C-AD3C-72B3B7ED2114}.Release-NoHTTP|x64.ActiveCfg = Release|Win32
		{BC3EFE27-9015-4C9C-AD3C-72B3B7ED2114}.Release-NoHTTP|x64.Build.0 = Release|Win32
		{BC3EFE27-9015-4C9C-AD3C-72B3B7ED2114}.Release-NoHTTP|x86.ActiveCfg = Release|Win32
		{BC3EFE27-9015-4C9C-AD3C-72B3B7ED2114}.Release-NoHTTP|x86.Build.0 = Release|Win32
		{BC3EFE27-9015-4C9C-AD3C-72B3B7ED2114}.RelWithDebInfo|x64.ActiveCfg = Release|Win32
		{BC3EFE27-9015-4C9C-AD3C-72B3B7ED2114}.RelWithDebInfo|x64.Build.0 = Release|Win32
		{BC3EFE27-9015-4C9C-AD3C-72B3B7ED2114}.RelWithDebInfo|x86.ActiveCfg = Release|Win32
		{BC3EFE27-9015-4C9C-AD3C-72B3B7ED2114}.RelWithDebInfo|x86.Build.0 = Release|Win32
		{755C376F-0786-46A6-B706-A55E37430A4A}.Debug|x64.ActiveCfg = Debug|x64
		{755C376F-0786-46A6-B706-A55E37430A4A}.Debug|x64.Build.0 = Debug|x64
		{755C376F-0786-46A6-B706-A55E37430A4A}.Debug|x86.ActiveCfg = Debug|Win32
		{755C376F-0786-46A6-B706-A55E37430A4A}.Debug|x86.Build.0 = Debug|Win32
		{755C376F-0786-46A6-B706-A55E37430A4A}.DebugDLL|x64.ActiveCfg = DebugDLL|x64
		{755C376F-0786-46A6-B706-A55E37430A4A}.DebugDLL|x64.Build.0 = DebugDLL|x64
		{755C376F-0786-46A6-B706-A55E37430A4A}.DebugDLL|x86.ActiveCfg = DebugDLL|Win32
		{755C376F-0786-46A6-B706-A55E37430A4A}.DebugDLL|x86.Build.0 = DebugDLL|Win32
		{755C376F-0786-46A6-B706-A55E37430A4A}.MinSizeRel|x64.ActiveCfg = Debug|x64
		{755C376F-0786-46A6-B706-A55E37430A4A}.MinSizeRel|x64.Build.0 = Debug|x64
		{755C376F-0786-46A6-B706-A55E37430A4A}.MinSizeRel|x86.ActiveCfg = Debug|Win32
		{755C376F-0786-46A6-B706-A55E37430A4A}.MinSizeRel|x86.Build.0 = Debug|Win32
		{755C376F-0786-46A6-B706-A55E37430A4A}.Release|x64.ActiveCfg = Release|x64
		{755C376F-0786-46A6-B706-A55E37430A4A}.Release|x64.Build.0 = Release|x64
		{755C376F-0786-46A6-B706-A55E37430A4A}.Release|x86.ActiveCfg = Release|Win32
		{755C376F-0786-46A6-B706-A55E37430A4A}.Release|x86.Build.0 = Release|Win32
		{755C376F-0786-46A6-B706-A55E37430A4A}.ReleaseDLL|x64.ActiveCfg = ReleaseDLL|x64
		{755C376F-0786-46A6-B706-A55E37430A4A}.ReleaseDLL|x64.Build.0 = ReleaseDLL|x64
		{755C376F-0786-46A6-B706-A55E37430A4A}.ReleaseDLL|x86.ActiveCfg = ReleaseDLL|Win32
		{755C376F-0786-46A6-B706-A55E37430A4A}.ReleaseDLL|x86.Build.0 = ReleaseDLL|Win32
		{755C376F-0786-46A6-B706-A55E37430A4A}.Release-NoHTTP|x64.ActiveCfg = ReleaseDLL|x64
		{755C376F-0786-46A6-B706-A55E37430A4A}.Release-NoHTTP|x64.Build.0 = ReleaseDLL|x64
		{755C376F-0786-46A6-B706-A55E37430A4A}.Release-NoHTTP|x86.ActiveCfg = ReleaseDLL|Win32
		{755C376F-0786-46A6-B706-A55E37430A4A}.Release-NoHTTP|x86.Build.0 = ReleaseDLL|Win32
		{755C376F-0786-46A6-B706-A55E37430A4A}.RelWithDebInfo|x64.ActiveCfg = ReleaseDLL|x64
		{755C376F-0786-46A6-B706-A55E37430A4A}.RelWithDebInfo|x64.Build.0 = ReleaseDLL|x64
		{755C376F-0786-46A6-B706-A55E37430A4A}.RelWithDebInfo|x86.ActiveCfg = ReleaseDLL|Win32
		{755C376F-0786-46A6-B706-A55E37430A4A}.RelWithDebInfo|x86.Build.0 = ReleaseDLL|Win32
		{C635793C-2B62-375E-AAF7-8707F333CD8C}.Debug|x64.ActiveCfg = Debug|Win32
		{C635793C-2B62-375E-AAF7-8707F333CD8C}.Debug|x64.Build.0 = Debug|Win32
		{C635793C-2B62-375E-AAF7-8707F333CD8C}.Debug|x86.ActiveCfg = Debug|Win32
		{C635793C-2B62-375E-AAF7-8707F333CD8C}.Debug|x86.Build.0 = Debug|Win32
		{C635793C-2B62-375E-AAF7-8707F333CD8C}.DebugDLL|x64.ActiveCfg = Debug|Win32
		{C635793C-2B62-375E-AAF7-8707F333CD8C}.DebugDLL|x64.Build.0 = Debug|Win32
		{C635793C-2B62-375E-AAF7-8707F333CD8C}.DebugDLL|x86.ActiveCfg = Debug|Win32
		{C635793C-2B62-375E-AAF7-8707F333CD8C}.DebugDLL|x86.Build.0 = Debug|Win32
		{C635793C-2B62-375E-AAF7-8707F333CD8C}.MinSizeRel|x64.ActiveCfg = MinSizeRel|Win32
		{C635793C-2B62-375E-AAF7-8707F333CD8C}.MinSizeRel|x64.Build.0 = MinSizeRel|Win32
		{C635793C-2B62-375E-AAF7-8707F333CD8C}.MinSizeRel|x86.ActiveCfg = MinSizeRel|Win32
		{C635793C-2B62-375E-AAF7-8707F333CD8C}.MinSizeRel|x86.Build.0 = MinSizeRel|Win32
		{C635793C-2B62-375E-AAF7-8707F333CD8C}.Release|x64.ActiveCfg = Release|Win32
		{C635793C-2B62-375E-AAF7-8707F333CD8C}.Release|x64.Build.0 = Release|Win32
		{C635793C-2B62-375E-AAF7-8707F333CD8C}.Release|x86.ActiveCfg = Release|Win32
		{C635793C-2B62-375E-AAF7-8707F333CD8C}.Release|x86.Build.0 = Release|Win32
		{C635793C-2B62-375E-AAF7-8707F333CD8C}.ReleaseDLL|x64.ActiveCfg = RelWithDebInfo|Win32
		{C635793C-2B62-375E-AAF7-8707F333CD8C}.ReleaseDLL|x64.Build.0 = RelWithDebInfo|Win32
		{C635793C-2B62-375E-AAF7-8707F333CD8C}.ReleaseDLL|x86.ActiveCfg = RelWithDebInfo|Win32
		{C635793C-2B62-375E-AAF7-8707F333CD8C}.ReleaseDLL|x86.Build.0 = RelWithDebInfo|Win32
		{C635793C-2B62-375E-AAF7-8707F333CD8C}.Release-NoHTTP|x64.ActiveCfg = RelWithDebInfo|Win32
		{C635793C-2B62-375E-AAF7-8707F333CD8C}.Release-NoHTTP|x64.Build.0 = RelWithDebInfo|Win32
		{C635793C-2B62-375E-AAF7-8707F333CD8C}.Release-NoHTTP|x86.ActiveCfg = RelWithDebInfo|Win32
		{C635793C-2B62-375E-AAF7-8707F333CD8C}.Release-NoHTTP|x86.Build.0 = RelWithDebInfo|Win32
		{C635793C-2B62-375E-AAF7-8707F333CD8C}.RelWithDebInfo|x64.ActiveCfg = RelWithDebInfo|Win32
		{C635793C-2B62-375E-AAF7-8707F333CD8C}.RelWithDebInfo|x64.Build.0 = RelWithDebInfo|Win32
		{C635793C-2B62-375E-AAF7-8707F333CD8C}.RelWithDebInfo|x86.ActiveCfg = RelWithDebInfo|Win32
		{C635793C-2B62-375E-AAF7-8707F333CD8C}.RelWithDebInfo|x86.Build.0 = RelWithDebInfo|Win32
	EndGlobalSection
	GlobalSection(SolutionProperties) = preSolution
		HideSolutionNode = FALSE
	EndGlobalSection
	GlobalSection(ExtensibilityGlobals) = postSolution
		SolutionGuid = {8CA720BC-6178-44A2-ABC0-A2AC84DAC78C}
	EndGlobalSection
EndGlobal
